
Microsoft Visual Studio Solution File, Format Version 12.00
# Visual Studio Version 17
VisualStudioVersion = 17.11.35327.3
MinimumVisualStudioVersion = 10.0.40219.1
Project("{FAE04EC0-301F-11D3-BF4B-00C04F79EFBC}") = "Problem1", "Problem1\Problem1.csproj", "{036C34A5-3F01-46B4-822D-6E9522895581}"
EndProject
Project("{FAE04EC0-301F-11D3-BF4B-00C04F79EFBC}") = "Problem2", "Problem2\Problem2.csproj", "{C69AB1A3-FE8B-43A1-804B-07BED7041C80}"
EndProject
Project("{FAE04EC0-301F-11D3-BF4B-00C04F79EFBC}") = "Problem3", "Problem3\Problem3.csproj", "{35A60AE0-373F-4383-916F-BD65E161B2D8}"
EndProject
Global
	GlobalSection(SolutionConfigurationPlatforms) = preSolution
		Debug|Any CPU = Debug|Any CPU
		Release|Any CPU = Release|Any CPU
	EndGlobalSection
	GlobalSection(ProjectConfigurationPlatforms) = postSolution
		{036C34A5-3F01-46B4-822D-6E9522895581}.Debug|Any CPU.ActiveCfg = Debug|Any CPU
		{036C34A5-3F01-46B4-822D-6E9522895581}.Debug|Any CPU.Build.0 = Debug|Any CPU
		{036C34A5-3F01-46B4-822D-6E9522895581}.Release|Any CPU.ActiveCfg = Release|Any CPU
		{036C34A5-3F01-46B4-822D-6E9522895581}.Release|Any CPU.Build.0 = Release|Any CPU
		{C69AB1A3-FE8B-43A1-804B-07BED7041C80}.Debug|Any CPU.ActiveCfg = Debug|Any CPU
		{C69AB1A3-FE8B-43A1-804B-07BED7041C80}.Debug|Any CPU.Build.0 = Debug|Any CPU
		{C69AB1A3-FE8B-43A1-804B-07BED7041C80}.Release|Any CPU.ActiveCfg = Release|Any CPU
		{C69AB1A3-FE8B-43A1-804B-07BED7041C80}.Release|Any CPU.Build.0 = Release|Any CPU
		{35A60AE0-373F-4383-916F-BD65E161B2D8}.Debug|Any CPU.ActiveCfg = Debug|Any CPU
		{35A60AE0-373F-4383-916F-BD65E161B2D8}.Debug|Any CPU.Build.0 = Debug|Any CPU
		{35A60AE0-373F-4383-916F-BD65E161B2D8}.Release|Any CPU.ActiveCfg = Release|Any CPU
		{35A60AE0-373F-4383-916F-BD65E161B2D8}.Release|Any CPU.Build.0 = Release|Any CPU
	EndGlobalSection
	GlobalSection(SolutionProperties) = preSolution
		HideSolutionNode = FALSE
	EndGlobalSection
	GlobalSection(ExtensibilityGlobals) = postSolution
		SolutionGuid = {65D2609C-55A6-497E-97E0-D9BDE321CD48}
	EndGlobalSection
EndGlobal
