
Microsoft Visual Studio Solution File, Format Version 12.00
# Visual Studio Version 17
VisualStudioVersion = 17.11.35327.3
MinimumVisualStudioVersion = 10.0.40219.1
Project("{9A19103F-16F7-4668-BE54-9A1E7A4F7556}") = "01.ComputerStore", "01.ComputerStore\01.ComputerStore.csproj", "{F7411F9E-855A-4CED-B935-240784C8A6C4}"
EndProject
Project("{9A19103F-16F7-4668-BE54-9A1E7A4F7556}") = "02.TheLift", "02.TheLift\02.TheLift.csproj", "{C9F7B452-2A34-46A7-B649-BABB0E728AF2}"
EndProject
Project("{9A19103F-16F7-4668-BE54-9A1E7A4F7556}") = "03.MemoryGame", "03.MemoryGame\03.MemoryGame.csproj", "{B05CEA1C-843E-45F4-81A7-75F76E8E0400}"
EndProject
Project("{9A19103F-16F7-4668-BE54-9A1E7A4F7556}") = "Demo", "Demo\Demo.csproj", "{41355FEE-7FC4-4F4B-830C-4CFC6A4B8A53}"
EndProject
Global
	GlobalSection(SolutionConfigurationPlatforms) = preSolution
		Debug|Any CPU = Debug|Any CPU
		Release|Any CPU = Release|Any CPU
	EndGlobalSection
	GlobalSection(ProjectConfigurationPlatforms) = postSolution
		{F7411F9E-855A-4CED-B935-240784C8A6C4}.Debug|Any CPU.ActiveCfg = Debug|Any CPU
		{F7411F9E-855A-4CED-B935-240784C8A6C4}.Debug|Any CPU.Build.0 = Debug|Any CPU
		{F7411F9E-855A-4CED-B935-240784C8A6C4}.Release|Any CPU.ActiveCfg = Release|Any CPU
		{F7411F9E-855A-4CED-B935-240784C8A6C4}.Release|Any CPU.Build.0 = Release|Any CPU
		{C9F7B452-2A34-46A7-B649-BABB0E728AF2}.Debug|Any CPU.ActiveCfg = Debug|Any CPU
		{C9F7B452-2A34-46A7-B649-BABB0E728AF2}.Debug|Any CPU.Build.0 = Debug|Any CPU
		{C9F7B452-2A34-46A7-B649-BABB0E728AF2}.Release|Any CPU.ActiveCfg = Release|Any CPU
		{C9F7B452-2A34-46A7-B649-BABB0E728AF2}.Release|Any CPU.Build.0 = Release|Any CPU
		{B05CEA1C-843E-45F4-81A7-75F76E8E0400}.Debug|Any CPU.ActiveCfg = Debug|Any CPU
		{B05CEA1C-843E-45F4-81A7-75F76E8E0400}.Debug|Any CPU.Build.0 = Debug|Any CPU
		{B05CEA1C-843E-45F4-81A7-75F76E8E0400}.Release|Any CPU.ActiveCfg = Release|Any CPU
		{B05CEA1C-843E-45F4-81A7-75F76E8E0400}.Release|Any CPU.Build.0 = Release|Any CPU
		{41355FEE-7FC4-4F4B-830C-4CFC6A4B8A53}.Debug|Any CPU.ActiveCfg = Debug|Any CPU
		{41355FEE-7FC4-4F4B-830C-4CFC6A4B8A53}.Debug|Any CPU.Build.0 = Debug|Any CPU
		{41355FEE-7FC4-4F4B-830C-4CFC6A4B8A53}.Release|Any CPU.ActiveCfg = Release|Any CPU
		{41355FEE-7FC4-4F4B-830C-4CFC6A4B8A53}.Release|Any CPU.Build.0 = Release|Any CPU
	EndGlobalSection
	GlobalSection(SolutionProperties) = preSolution
		HideSolutionNode = FALSE
	EndGlobalSection
	GlobalSection(ExtensibilityGlobals) = postSolution
		SolutionGuid = {D79147DF-72B5-4EE4-936B-4C2ECB9A9862}
	EndGlobalSection
EndGlobal
