
Microsoft Visual Studio Solution File, Format Version 12.00
# Visual Studio Version 17
VisualStudioVersion = 17.11.35303.130
MinimumVisualStudioVersion = 10.0.40219.1
Project("{FAE04EC0-301F-11D3-BF4B-00C04F79EFBC}") = "01.Messaging", "01.Messaging\01.Messaging.csproj", "{05CC24F0-6FCF-45AC-9BAB-4933FEEC2688}"
EndProject
Project("{FAE04EC0-301F-11D3-BF4B-00C04F79EFBC}") = "02.CarRace", "02.CarRace\02.CarRace.csproj", "{0DD6B0D2-910B-4313-A24B-E13FF0115E9B}"
EndProject
Project("{FAE04EC0-301F-11D3-BF4B-00C04F79EFBC}") = "03.TakeSkipRope", "03.TakeSkipRope\03.TakeSkipRope.csproj", "{26ED199E-9DB2-4FA8-AC00-D4B4AB00EDA1}"
EndProject
Project("{FAE04EC0-301F-11D3-BF4B-00C04F79EFBC}") = "04.MixedUpLists", "04.MixedUpLists\04.MixedUpLists.csproj", "{4A5F4257-B99B-430F-8C7A-013355A03C50}"
EndProject
Project("{FAE04EC0-301F-11D3-BF4B-00C04F79EFBC}") = "05.DrumSet", "05.DrumSet\05.DrumSet.csproj", "{605B3DB2-DD35-403F-AFBD-E5D61763DECA}"
EndProject
Global
	GlobalSection(SolutionConfigurationPlatforms) = preSolution
		Debug|Any CPU = Debug|Any CPU
		Release|Any CPU = Release|Any CPU
	EndGlobalSection
	GlobalSection(ProjectConfigurationPlatforms) = postSolution
		{05CC24F0-6FCF-45AC-9BAB-4933FEEC2688}.Debug|Any CPU.ActiveCfg = Debug|Any CPU
		{05CC24F0-6FCF-45AC-9BAB-4933FEEC2688}.Debug|Any CPU.Build.0 = Debug|Any CPU
		{05CC24F0-6FCF-45AC-9BAB-4933FEEC2688}.Release|Any CPU.ActiveCfg = Release|Any CPU
		{05CC24F0-6FCF-45AC-9BAB-4933FEEC2688}.Release|Any CPU.Build.0 = Release|Any CPU
		{0DD6B0D2-910B-4313-A24B-E13FF0115E9B}.Debug|Any CPU.ActiveCfg = Debug|Any CPU
		{0DD6B0D2-910B-4313-A24B-E13FF0115E9B}.Debug|Any CPU.Build.0 = Debug|Any CPU
		{0DD6B0D2-910B-4313-A24B-E13FF0115E9B}.Release|Any CPU.ActiveCfg = Release|Any CPU
		{0DD6B0D2-910B-4313-A24B-E13FF0115E9B}.Release|Any CPU.Build.0 = Release|Any CPU
		{26ED199E-9DB2-4FA8-AC00-D4B4AB00EDA1}.Debug|Any CPU.ActiveCfg = Debug|Any CPU
		{26ED199E-9DB2-4FA8-AC00-D4B4AB00EDA1}.Debug|Any CPU.Build.0 = Debug|Any CPU
		{26ED199E-9DB2-4FA8-AC00-D4B4AB00EDA1}.Release|Any CPU.ActiveCfg = Release|Any CPU
		{26ED199E-9DB2-4FA8-AC00-D4B4AB00EDA1}.Release|Any CPU.Build.0 = Release|Any CPU
		{4A5F4257-B99B-430F-8C7A-013355A03C50}.Debug|Any CPU.ActiveCfg = Debug|Any CPU
		{4A5F4257-B99B-430F-8C7A-013355A03C50}.Debug|Any CPU.Build.0 = Debug|Any CPU
		{4A5F4257-B99B-430F-8C7A-013355A03C50}.Release|Any CPU.ActiveCfg = Release|Any CPU
		{4A5F4257-B99B-430F-8C7A-013355A03C50}.Release|Any CPU.Build.0 = Release|Any CPU
		{605B3DB2-DD35-403F-AFBD-E5D61763DECA}.Debug|Any CPU.ActiveCfg = Debug|Any CPU
		{605B3DB2-DD35-403F-AFBD-E5D61763DECA}.Debug|Any CPU.Build.0 = Debug|Any CPU
		{605B3DB2-DD35-403F-AFBD-E5D61763DECA}.Release|Any CPU.ActiveCfg = Release|Any CPU
		{605B3DB2-DD35-403F-AFBD-E5D61763DECA}.Release|Any CPU.Build.0 = Release|Any CPU
	EndGlobalSection
	GlobalSection(SolutionProperties) = preSolution
		HideSolutionNode = FALSE
	EndGlobalSection
	GlobalSection(ExtensibilityGlobals) = postSolution
		SolutionGuid = {08D6F2AC-F001-4A7E-B58D-FCBF7F06AFAF}
	EndGlobalSection
EndGlobal
