
Microsoft Visual Studio Solution File, Format Version 12.00
# Visual Studio Version 17
VisualStudioVersion = 17.11.35327.3
MinimumVisualStudioVersion = 10.0.40219.1
Project("{9A19103F-16F7-4668-BE54-9A1E7A4F7556}") = "01.CountRealNumbers", "01.CountRealNumbers\01.CountRealNumbers.csproj", "{D72F3959-A333-4EEB-B837-F11D58D66412}"
EndProject
Project("{FAE04EC0-301F-11D3-BF4B-00C04F79EFBC}") = "02.OddOccurrences", "02.OddOccurrences\02.OddOccurrences.csproj", "{637DAD22-55D3-4077-AFBE-D28766F18D15}"
EndProject
Project("{FAE04EC0-301F-11D3-BF4B-00C04F79EFBC}") = "03.WordSynonyms", "03.WordSynonyms\03.WordSynonyms.csproj", "{190885C4-966B-4F34-80A4-E5F6EA928A1E}"
EndProject
Project("{FAE04EC0-301F-11D3-BF4B-00C04F79EFBC}") = "04.WordFilter", "04.WordFilter\04.WordFilter.csproj", "{E455FCB9-D5B9-42FE-8173-56421E570696}"
EndProject
Global
	GlobalSection(SolutionConfigurationPlatforms) = preSolution
		Debug|Any CPU = Debug|Any CPU
		Release|Any CPU = Release|Any CPU
	EndGlobalSection
	GlobalSection(ProjectConfigurationPlatforms) = postSolution
		{D72F3959-A333-4EEB-B837-F11D58D66412}.Debug|Any CPU.ActiveCfg = Debug|Any CPU
		{D72F3959-A333-4EEB-B837-F11D58D66412}.Debug|Any CPU.Build.0 = Debug|Any CPU
		{D72F3959-A333-4EEB-B837-F11D58D66412}.Release|Any CPU.ActiveCfg = Release|Any CPU
		{D72F3959-A333-4EEB-B837-F11D58D66412}.Release|Any CPU.Build.0 = Release|Any CPU
		{637DAD22-55D3-4077-AFBE-D28766F18D15}.Debug|Any CPU.ActiveCfg = Debug|Any CPU
		{637DAD22-55D3-4077-AFBE-D28766F18D15}.Debug|Any CPU.Build.0 = Debug|Any CPU
		{637DAD22-55D3-4077-AFBE-D28766F18D15}.Release|Any CPU.ActiveCfg = Release|Any CPU
		{637DAD22-55D3-4077-AFBE-D28766F18D15}.Release|Any CPU.Build.0 = Release|Any CPU
		{190885C4-966B-4F34-80A4-E5F6EA928A1E}.Debug|Any CPU.ActiveCfg = Debug|Any CPU
		{190885C4-966B-4F34-80A4-E5F6EA928A1E}.Debug|Any CPU.Build.0 = Debug|Any CPU
		{190885C4-966B-4F34-80A4-E5F6EA928A1E}.Release|Any CPU.ActiveCfg = Release|Any CPU
		{190885C4-966B-4F34-80A4-E5F6EA928A1E}.Release|Any CPU.Build.0 = Release|Any CPU
		{E455FCB9-D5B9-42FE-8173-56421E570696}.Debug|Any CPU.ActiveCfg = Debug|Any CPU
		{E455FCB9-D5B9-42FE-8173-56421E570696}.Debug|Any CPU.Build.0 = Debug|Any CPU
		{E455FCB9-D5B9-42FE-8173-56421E570696}.Release|Any CPU.ActiveCfg = Release|Any CPU
		{E455FCB9-D5B9-42FE-8173-56421E570696}.Release|Any CPU.Build.0 = Release|Any CPU
	EndGlobalSection
	GlobalSection(SolutionProperties) = preSolution
		HideSolutionNode = FALSE
	EndGlobalSection
	GlobalSection(ExtensibilityGlobals) = postSolution
		SolutionGuid = {C4D41241-6160-42E4-B2CD-EB6DA32619E9}
	EndGlobalSection
EndGlobal
