
Microsoft Visual Studio Solution File, Format Version 12.00
# Visual Studio Version 17
VisualStudioVersion = 17.11.35327.3
MinimumVisualStudioVersion = 10.0.40219.1
Project("{FAE04EC0-301F-11D3-BF4B-00C04F79EFBC}") = "01.GuineaPig", "01.GuineaPig\01.GuineaPig.csproj", "{7546A697-C34C-426E-B1BF-CA29CA0AA47F}"
EndProject
Project("{FAE04EC0-301F-11D3-BF4B-00C04F79EFBC}") = "02.ShoppingList", "02.ShoppingList\02.ShoppingList.csproj", "{3CFB08B4-406B-44FD-AFF5-098F1023042E}"
EndProject
Project("{FAE04EC0-301F-11D3-BF4B-00C04F79EFBC}") = "03.HeartDelivery", "03.HeartDelivery\03.HeartDelivery.csproj", "{AB63548F-01A1-400A-A12C-5F6FF033CDA2}"
EndProject
Global
	GlobalSection(SolutionConfigurationPlatforms) = preSolution
		Debug|Any CPU = Debug|Any CPU
		Release|Any CPU = Release|Any CPU
	EndGlobalSection
	GlobalSection(ProjectConfigurationPlatforms) = postSolution
		{7546A697-C34C-426E-B1BF-CA29CA0AA47F}.Debug|Any CPU.ActiveCfg = Debug|Any CPU
		{7546A697-C34C-426E-B1BF-CA29CA0AA47F}.Debug|Any CPU.Build.0 = Debug|Any CPU
		{7546A697-C34C-426E-B1BF-CA29CA0AA47F}.Release|Any CPU.ActiveCfg = Release|Any CPU
		{7546A697-C34C-426E-B1BF-CA29CA0AA47F}.Release|Any CPU.Build.0 = Release|Any CPU
		{3CFB08B4-406B-44FD-AFF5-098F1023042E}.Debug|Any CPU.ActiveCfg = Debug|Any CPU
		{3CFB08B4-406B-44FD-AFF5-098F1023042E}.Debug|Any CPU.Build.0 = Debug|Any CPU
		{3CFB08B4-406B-44FD-AFF5-098F1023042E}.Release|Any CPU.ActiveCfg = Release|Any CPU
		{3CFB08B4-406B-44FD-AFF5-098F1023042E}.Release|Any CPU.Build.0 = Release|Any CPU
		{AB63548F-01A1-400A-A12C-5F6FF033CDA2}.Debug|Any CPU.ActiveCfg = Debug|Any CPU
		{AB63548F-01A1-400A-A12C-5F6FF033CDA2}.Debug|Any CPU.Build.0 = Debug|Any CPU
		{AB63548F-01A1-400A-A12C-5F6FF033CDA2}.Release|Any CPU.ActiveCfg = Release|Any CPU
		{AB63548F-01A1-400A-A12C-5F6FF033CDA2}.Release|Any CPU.Build.0 = Release|Any CPU
	EndGlobalSection
	GlobalSection(SolutionProperties) = preSolution
		HideSolutionNode = FALSE
	EndGlobalSection
	GlobalSection(ExtensibilityGlobals) = postSolution
		SolutionGuid = {D4296865-6889-4DE0-9D3A-A33689E9580E}
	EndGlobalSection
EndGlobal
